
Microsoft Visual Studio Solution File, Format Version 12.00
# Visual Studio Version 17
VisualStudioVersion = 17.11.35312.102
MinimumVisualStudioVersion = 10.0.40219.1
Project("{FAE04EC0-301F-11D3-BF4B-00C04F79EFBC}") = "Strategy_Sort", "Strategy_Sort\Strategy_Sort.csproj", "{00E3BBEF-63FA-4DBB-9B76-0D5F4C41ECBF}"
EndProject
Global
	GlobalSection(SolutionConfigurationPlatforms) = preSolution
		Debug|Any CPU = Debug|Any CPU
		Release|Any CPU = Release|Any CPU
	EndGlobalSection
	GlobalSection(ProjectConfigurationPlatforms) = postSolution
		{00E3BBEF-63FA-4DBB-9B76-0D5F4C41ECBF}.Debug|Any CPU.ActiveCfg = Debug|Any CPU
		{00E3BBEF-63FA-4DBB-9B76-0D5F4C41ECBF}.Debug|Any CPU.Build.0 = Debug|Any CPU
		{00E3BBEF-63FA-4DBB-9B76-0D5F4C41ECBF}.Release|Any CPU.ActiveCfg = Release|Any CPU
		{00E3BBEF-63FA-4DBB-9B76-0D5F4C41ECBF}.Release|Any CPU.Build.0 = Release|Any CPU
	EndGlobalSection
	GlobalSection(SolutionProperties) = preSolution
		HideSolutionNode = FALSE
	EndGlobalSection
	GlobalSection(ExtensibilityGlobals) = postSolution
		SolutionGuid = {477CDEE6-0DA4-4251-9E95-3BEFFBBEAE34}
	EndGlobalSection
EndGlobal
